
Microsoft Visual Studio Solution File, Format Version 12.00
# Visual Studio Version 16
VisualStudioVersion = 16.0.30011.22
MinimumVisualStudioVersion = 10.0.40219.1
Project("{9A19103F-16F7-4668-BE54-9A1E7A4F7556}") = "AureliaCrud.Data", "Data\AureliaCrud.Data.csproj", "{0205A09A-855C-459A-9F77-DD74B7593529}"
EndProject
Project("{9A19103F-16F7-4668-BE54-9A1E7A4F7556}") = "AureliaCrud.Domain", "Domain\AureliaCrud.Domain.csproj", "{CD9BFC6D-E908-438F-A112-AE8AC45C1A47}"
EndProject
Project("{9A19103F-16F7-4668-BE54-9A1E7A4F7556}") = "AureliaCrud.Web", "Web\AureliaCrud.Web.csproj", "{A9341212-FDAB-42A7-A3CE-FF9A97A8F286}"
EndProject
Global
	GlobalSection(SolutionConfigurationPlatforms) = preSolution
		Debug|Any CPU = Debug|Any CPU
		Release|Any CPU = Release|Any CPU
	EndGlobalSection
	GlobalSection(ProjectConfigurationPlatforms) = postSolution
		{0205A09A-855C-459A-9F77-DD74B7593529}.Debug|Any CPU.ActiveCfg = Debug|Any CPU
		{0205A09A-855C-459A-9F77-DD74B7593529}.Debug|Any CPU.Build.0 = Debug|Any CPU
		{0205A09A-855C-459A-9F77-DD74B7593529}.Release|Any CPU.ActiveCfg = Release|Any CPU
		{0205A09A-855C-459A-9F77-DD74B7593529}.Release|Any CPU.Build.0 = Release|Any CPU
		{CD9BFC6D-E908-438F-A112-AE8AC45C1A47}.Debug|Any CPU.ActiveCfg = Debug|Any CPU
		{CD9BFC6D-E908-438F-A112-AE8AC45C1A47}.Debug|Any CPU.Build.0 = Debug|Any CPU
		{CD9BFC6D-E908-438F-A112-AE8AC45C1A47}.Release|Any CPU.ActiveCfg = Release|Any CPU
		{CD9BFC6D-E908-438F-A112-AE8AC45C1A47}.Release|Any CPU.Build.0 = Release|Any CPU
		{A9341212-FDAB-42A7-A3CE-FF9A97A8F286}.Debug|Any CPU.ActiveCfg = Debug|Any CPU
		{A9341212-FDAB-42A7-A3CE-FF9A97A8F286}.Debug|Any CPU.Build.0 = Debug|Any CPU
		{A9341212-FDAB-42A7-A3CE-FF9A97A8F286}.Release|Any CPU.ActiveCfg = Release|Any CPU
		{A9341212-FDAB-42A7-A3CE-FF9A97A8F286}.Release|Any CPU.Build.0 = Release|Any CPU
	EndGlobalSection
	GlobalSection(SolutionProperties) = preSolution
		HideSolutionNode = FALSE
	EndGlobalSection
	GlobalSection(ExtensibilityGlobals) = postSolution
		SolutionGuid = {7381A80E-574C-4822-B3BC-6F0E17217A9E}
	EndGlobalSection
EndGlobal
